
Microsoft Visual Studio Solution File, Format Version 12.00
# Visual Studio Version 16
VisualStudioVersion = 16.0.31402.337
MinimumVisualStudioVersion = 10.0.40219.1
Project("{2150E333-8FDC-42A3-9474-1A3956D46DE8}") = "01_KCafe", "01_KCafe", "{2A87E907-BC10-4069-A2AF-F2A3AA00C1C9}"
EndProject
Project("{FAE04EC0-301F-11D3-BF4B-00C04F79EFBC}") = "01_CafeTest", "01_CafeTest\01_CafeTest.csproj", "{88BF2D12-28A1-415D-9F5C-F7BE62958272}"
EndProject
Project("{FAE04EC0-301F-11D3-BF4B-00C04F79EFBC}") = "01_CafeUI", "01_CafeUI\01_CafeUI.csproj", "{03491CC5-BB5A-4EAE-B566-5716186F40B1}"
EndProject
Project("{FAE04EC0-301F-11D3-BF4B-00C04F79EFBC}") = "01_CafeLibrary", "01_CafeLibrary\01_CafeLibrary.csproj", "{FA4C1B68-16D4-427E-BA87-842B6ED8942C}"
EndProject
Project("{2150E333-8FDC-42A3-9474-1A3956D46DE8}") = "02_Claims", "02_Claims", "{F45BCDBB-3784-4699-AB65-1567DDA345E0}"
EndProject
Project("{FAE04EC0-301F-11D3-BF4B-00C04F79EFBC}") = "02_ClaimLibrary", "02_ClaimLibrary\02_ClaimLibrary.csproj", "{C8965476-D48E-43B5-8595-EC14E6A44209}"
EndProject
Project("{FAE04EC0-301F-11D3-BF4B-00C04F79EFBC}") = "02_ClaimTest", "02_ClaimTest\02_ClaimTest.csproj", "{ABB94F78-E4C1-4F70-A334-446A93F900AE}"
EndProject
Project("{FAE04EC0-301F-11D3-BF4B-00C04F79EFBC}") = "02_ClaimUI", "02_ClaimUI\02_ClaimUI.csproj", "{A60372AC-381A-4906-BF6F-C84D1194FC5A}"
EndProject
Project("{2150E333-8FDC-42A3-9474-1A3956D46DE8}") = "03_Badges", "03_Badges", "{63364991-DA9C-4896-860C-EA4D169C1C32}"
EndProject
Project("{FAE04EC0-301F-11D3-BF4B-00C04F79EFBC}") = "03_Badge", "03_Badge\03_Badge.csproj", "{82D73A81-5C78-49BE-BDF7-15415278143F}"
EndProject
Project("{FAE04EC0-301F-11D3-BF4B-00C04F79EFBC}") = "03_BadgeTest", "03_BadgeTest\03_BadgeTest.csproj", "{593A96FF-8751-4B4A-91D5-DEDBAD4AD9AC}"
EndProject
Project("{FAE04EC0-301F-11D3-BF4B-00C04F79EFBC}") = "03_BadgeUI", "03_BadgeUI\03_BadgeUI.csproj", "{3D9FD4C7-701D-4AAF-89D7-F85B45A91DEC}"
EndProject
Global
	GlobalSection(SolutionConfigurationPlatforms) = preSolution
		Debug|Any CPU = Debug|Any CPU
		Release|Any CPU = Release|Any CPU
	EndGlobalSection
	GlobalSection(ProjectConfigurationPlatforms) = postSolution
		{88BF2D12-28A1-415D-9F5C-F7BE62958272}.Debug|Any CPU.ActiveCfg = Debug|Any CPU
		{88BF2D12-28A1-415D-9F5C-F7BE62958272}.Debug|Any CPU.Build.0 = Debug|Any CPU
		{88BF2D12-28A1-415D-9F5C-F7BE62958272}.Release|Any CPU.ActiveCfg = Release|Any CPU
		{88BF2D12-28A1-415D-9F5C-F7BE62958272}.Release|Any CPU.Build.0 = Release|Any CPU
		{03491CC5-BB5A-4EAE-B566-5716186F40B1}.Debug|Any CPU.ActiveCfg = Debug|Any CPU
		{03491CC5-BB5A-4EAE-B566-5716186F40B1}.Debug|Any CPU.Build.0 = Debug|Any CPU
		{03491CC5-BB5A-4EAE-B566-5716186F40B1}.Release|Any CPU.ActiveCfg = Release|Any CPU
		{03491CC5-BB5A-4EAE-B566-5716186F40B1}.Release|Any CPU.Build.0 = Release|Any CPU
		{FA4C1B68-16D4-427E-BA87-842B6ED8942C}.Debug|Any CPU.ActiveCfg = Debug|Any CPU
		{FA4C1B68-16D4-427E-BA87-842B6ED8942C}.Debug|Any CPU.Build.0 = Debug|Any CPU
		{FA4C1B68-16D4-427E-BA87-842B6ED8942C}.Release|Any CPU.ActiveCfg = Release|Any CPU
		{FA4C1B68-16D4-427E-BA87-842B6ED8942C}.Release|Any CPU.Build.0 = Release|Any CPU
		{C8965476-D48E-43B5-8595-EC14E6A44209}.Debug|Any CPU.ActiveCfg = Debug|Any CPU
		{C8965476-D48E-43B5-8595-EC14E6A44209}.Debug|Any CPU.Build.0 = Debug|Any CPU
		{C8965476-D48E-43B5-8595-EC14E6A44209}.Release|Any CPU.ActiveCfg = Release|Any CPU
		{C8965476-D48E-43B5-8595-EC14E6A44209}.Release|Any CPU.Build.0 = Release|Any CPU
		{ABB94F78-E4C1-4F70-A334-446A93F900AE}.Debug|Any CPU.ActiveCfg = Debug|Any CPU
		{ABB94F78-E4C1-4F70-A334-446A93F900AE}.Debug|Any CPU.Build.0 = Debug|Any CPU
		{ABB94F78-E4C1-4F70-A334-446A93F900AE}.Release|Any CPU.ActiveCfg = Release|Any CPU
		{ABB94F78-E4C1-4F70-A334-446A93F900AE}.Release|Any CPU.Build.0 = Release|Any CPU
		{A60372AC-381A-4906-BF6F-C84D1194FC5A}.Debug|Any CPU.ActiveCfg = Debug|Any CPU
		{A60372AC-381A-4906-BF6F-C84D1194FC5A}.Debug|Any CPU.Build.0 = Debug|Any CPU
		{A60372AC-381A-4906-BF6F-C84D1194FC5A}.Release|Any CPU.ActiveCfg = Release|Any CPU
		{A60372AC-381A-4906-BF6F-C84D1194FC5A}.Release|Any CPU.Build.0 = Release|Any CPU
		{82D73A81-5C78-49BE-BDF7-15415278143F}.Debug|Any CPU.ActiveCfg = Debug|Any CPU
		{82D73A81-5C78-49BE-BDF7-15415278143F}.Debug|Any CPU.Build.0 = Debug|Any CPU
		{82D73A81-5C78-49BE-BDF7-15415278143F}.Release|Any CPU.ActiveCfg = Release|Any CPU
		{82D73A81-5C78-49BE-BDF7-15415278143F}.Release|Any CPU.Build.0 = Release|Any CPU
		{593A96FF-8751-4B4A-91D5-DEDBAD4AD9AC}.Debug|Any CPU.ActiveCfg = Debug|Any CPU
		{593A96FF-8751-4B4A-91D5-DEDBAD4AD9AC}.Debug|Any CPU.Build.0 = Debug|Any CPU
		{593A96FF-8751-4B4A-91D5-DEDBAD4AD9AC}.Release|Any CPU.ActiveCfg = Release|Any CPU
		{593A96FF-8751-4B4A-91D5-DEDBAD4AD9AC}.Release|Any CPU.Build.0 = Release|Any CPU
		{3D9FD4C7-701D-4AAF-89D7-F85B45A91DEC}.Debug|Any CPU.ActiveCfg = Debug|Any CPU
		{3D9FD4C7-701D-4AAF-89D7-F85B45A91DEC}.Debug|Any CPU.Build.0 = Debug|Any CPU
		{3D9FD4C7-701D-4AAF-89D7-F85B45A91DEC}.Release|Any CPU.ActiveCfg = Release|Any CPU
		{3D9FD4C7-701D-4AAF-89D7-F85B45A91DEC}.Release|Any CPU.Build.0 = Release|Any CPU
	EndGlobalSection
	GlobalSection(SolutionProperties) = preSolution
		HideSolutionNode = FALSE
	EndGlobalSection
	GlobalSection(NestedProjects) = preSolution
		{88BF2D12-28A1-415D-9F5C-F7BE62958272} = {2A87E907-BC10-4069-A2AF-F2A3AA00C1C9}
		{03491CC5-BB5A-4EAE-B566-5716186F40B1} = {2A87E907-BC10-4069-A2AF-F2A3AA00C1C9}
		{FA4C1B68-16D4-427E-BA87-842B6ED8942C} = {2A87E907-BC10-4069-A2AF-F2A3AA00C1C9}
		{C8965476-D48E-43B5-8595-EC14E6A44209} = {F45BCDBB-3784-4699-AB65-1567DDA345E0}
		{ABB94F78-E4C1-4F70-A334-446A93F900AE} = {F45BCDBB-3784-4699-AB65-1567DDA345E0}
		{A60372AC-381A-4906-BF6F-C84D1194FC5A} = {F45BCDBB-3784-4699-AB65-1567DDA345E0}
		{82D73A81-5C78-49BE-BDF7-15415278143F} = {63364991-DA9C-4896-860C-EA4D169C1C32}
		{593A96FF-8751-4B4A-91D5-DEDBAD4AD9AC} = {63364991-DA9C-4896-860C-EA4D169C1C32}
		{3D9FD4C7-701D-4AAF-89D7-F85B45A91DEC} = {63364991-DA9C-4896-860C-EA4D169C1C32}
	EndGlobalSection
	GlobalSection(ExtensibilityGlobals) = postSolution
		SolutionGuid = {529309CE-1C88-477A-A8E4-7597BE8D4E9F}
	EndGlobalSection
EndGlobal
